
Microsoft Visual Studio Solution File, Format Version 12.00
# Visual Studio Version 16
VisualStudioVersion = 16.0.30413.136
MinimumVisualStudioVersion = 10.0.40219.1
Project("{FAE04EC0-301F-11D3-BF4B-00C04F79EFBC}") = "AWP22", "AWP22\AWP22.csproj", "{69548B69-C722-4314-8EEF-918DA105A196}"
EndProject
Global
	GlobalSection(SolutionConfigurationPlatforms) = preSolution
		Debug|Any CPU = Debug|Any CPU
		Release|Any CPU = Release|Any CPU
	EndGlobalSection
	GlobalSection(ProjectConfigurationPlatforms) = postSolution
		{69548B69-C722-4314-8EEF-918DA105A196}.Debug|Any CPU.ActiveCfg = Debug|Any CPU
		{69548B69-C722-4314-8EEF-918DA105A196}.Debug|Any CPU.Build.0 = Debug|Any CPU
		{69548B69-C722-4314-8EEF-918DA105A196}.Release|Any CPU.ActiveCfg = Release|Any CPU
		{69548B69-C722-4314-8EEF-918DA105A196}.Release|Any CPU.Build.0 = Release|Any CPU
	EndGlobalSection
	GlobalSection(SolutionProperties) = preSolution
		HideSolutionNode = FALSE
	EndGlobalSection
	GlobalSection(ExtensibilityGlobals) = postSolution
		SolutionGuid = {2DF2066C-2CB3-41FB-95A1-32077E8542FA}
	EndGlobalSection
EndGlobal
